
Microsoft Visual Studio Solution File, Format Version 12.00
# Visual Studio 2012
Project("{FAE04EC0-301F-11D3-BF4B-00C04F79EFBC}") = "BoydT_ConwayLife", "BoydT_ConwayLife\BoydT_ConwayLife.csproj", "{56CCD0F3-76CC-4594-8C85-EF02FF3DC15E}"
EndProject
Global
	GlobalSection(SolutionConfigurationPlatforms) = preSolution
		Debug|Any CPU = Debug|Any CPU
		Release|Any CPU = Release|Any CPU
	EndGlobalSection
	GlobalSection(ProjectConfigurationPlatforms) = postSolution
		{56CCD0F3-76CC-4594-8C85-EF02FF3DC15E}.Debug|Any CPU.ActiveCfg = Debug|Any CPU
		{56CCD0F3-76CC-4594-8C85-EF02FF3DC15E}.Debug|Any CPU.Build.0 = Debug|Any CPU
		{56CCD0F3-76CC-4594-8C85-EF02FF3DC15E}.Release|Any CPU.ActiveCfg = Release|Any CPU
		{56CCD0F3-76CC-4594-8C85-EF02FF3DC15E}.Release|Any CPU.Build.0 = Release|Any CPU
	EndGlobalSection
	GlobalSection(SolutionProperties) = preSolution
		HideSolutionNode = FALSE
	EndGlobalSection
EndGlobal
